
Microsoft Visual Studio Solution File, Format Version 12.00
# Visual Studio 15
VisualStudioVersion = 15.0.28307.757
MinimumVisualStudioVersion = 10.0.40219.1
Project("{FAE04EC0-301F-11D3-BF4B-00C04F79EFBC}") = "_NorthwindWebService", "_NorthwindWebService\_NorthwindWebService.csproj", "{D0DAF015-9A73-4A48-AA8C-320D590D3B1C}"
EndProject
Global
	GlobalSection(SolutionConfigurationPlatforms) = preSolution
		Debug|Any CPU = Debug|Any CPU
		Release|Any CPU = Release|Any CPU
	EndGlobalSection
	GlobalSection(ProjectConfigurationPlatforms) = postSolution
		{D0DAF015-9A73-4A48-AA8C-320D590D3B1C}.Debug|Any CPU.ActiveCfg = Debug|Any CPU
		{D0DAF015-9A73-4A48-AA8C-320D590D3B1C}.Debug|Any CPU.Build.0 = Debug|Any CPU
		{D0DAF015-9A73-4A48-AA8C-320D590D3B1C}.Release|Any CPU.ActiveCfg = Release|Any CPU
		{D0DAF015-9A73-4A48-AA8C-320D590D3B1C}.Release|Any CPU.Build.0 = Release|Any CPU
	EndGlobalSection
	GlobalSection(SolutionProperties) = preSolution
		HideSolutionNode = FALSE
	EndGlobalSection
	GlobalSection(ExtensibilityGlobals) = postSolution
		SolutionGuid = {F3409DB8-2821-425B-9243-A272D1A427BE}
	EndGlobalSection
EndGlobal
